// !$*UTF8*$!
{
	archiveVersion = 1;
	classes = {
	};
	objectVersion = 46;
	objects = {

/* Begin PBXBuildFile section */
		A769FB8F1E24E16500B1FA89 /* AppDelegate.swift in Sources */ = {isa = PBXBuildFile; fileRef = A769FB8E1E24E16500B1FA89 /* AppDelegate.swift */; };
		A769FB911E24E16500B1FA89 /* ViewController.swift in Sources */ = {isa = PBXBuildFile; fileRef = A769FB901E24E16500B1FA89 /* ViewController.swift */; };
		A769FB941E24E16600B1FA89 /* Main.storyboard in Resources */ = {isa = PBXBuildFile; fileRef = A769FB921E24E16600B1FA89 /* Main.storyboard */; };
		A769FB961E24E16600B1FA89 /* Assets.xcassets in Resources */ = {isa = PBXBuildFile; fileRef = A769FB951E24E16600B1FA89 /* Assets.xcassets */; };
		A769FB991E24E16600B1FA89 /* LaunchScreen.storyboard in Resources */ = {isa = PBXBuildFile; fileRef = A769FB971E24E16600B1FA89 /* LaunchScreen.storyboard */; };
/* End PBXBuildFile section */

/* Begin PBXFileReference section */
		A769FB8B1E24E16500B1FA89 /* LabelDemo.app */ = {isa = PBXFileReference; explicitFileType = wrapper.application; includeInIndex = 0; path = LabelDemo.app; sourceTree = BUILT_PRODUCTS_DIR; };
		A769FB8E1E24E16500B1FA89 /* AppDelegate.swift */ = {isa = PBXFileReference; lastKnownFileType = sourcecode.swift; path = AppDelegate.swift; sourceTree = "<group>"; };
		A769FB901E24E16500B1FA89 /* ViewController.swift */ = {isa = PBXFileReference; lastKnownFileType = sourcecode.swift; path = ViewController.swift; sourceTree = "<group>"; };
		A769FB931E24E16600B1FA89 /* Base */ = {isa = PBXFileReference; lastKnownFileType = file.storyboard; name = Base; path = Base.lproj/Main.storyboard; sourceTree = "<group>"; };
		A769FB951E24E16600B1FA89 /* Assets.xcassets */ = {isa = PBXFileReference; lastKnownFileType = folder.assetcatalog; path = Assets.xcassets; sourceTree = "<group>"; };
		A769FB981E24E16600B1FA89 /* Base */ = {isa = PBXFileReference; lastKnownFileType = file.storyboard; name = Base; path = Base.lproj/LaunchScreen.storyboard; sourceTree = "<group>"; };
		A769FB9A1E24E16600B1FA89 /* Info.plist */ = {isa = PBXFileReference; lastKnownFileType = text.plist.xml; path = Info.plist; sourceTree = "<group>"; };
/* End PBXFileReference section */

/* Begin PBXFrameworksBuildPhase section */
		A769FB881E24E16500B1FA89 /* Frameworks */ = {
			isa = PBXFrameworksBuildPhase;
			buildActionMask = 2147483647;
			files = (
			);
			runOnlyForDeploymentPostprocessing = 0;
		};
/* End PBXFrameworksBuildPhase section */

/* Begin PBXGroup section */
		A769FB821E24E16500B1FA89 = {
			isa = PBXGroup;
			children = (
				A769FB8D1E24E16500B1FA89 /* LabelDemo */,
				A769FB8C1E24E16500B1FA89 /* Products */,
			);
			sourceTree = "<group>";
		};
		A769FB8C1E24E16500B1FA89 /* Products */ = {
			isa = PBXGroup;
			children = (
				A769FB8B1E24E16500B1FA89 /* LabelDemo.app */,
			);
			name = Products;
			sourceTree = "<group>";
		};
		A769FB8D1E24E16500B1FA89 /* LabelDemo */ = {
			isa = PBXGroup;
			children = (
				A769FB8E1E24E16500B1FA89 /* AppDelegate.swift */,
				A769FB901E24E16500B1FA89 /* ViewController.swift */,
				A769FB921E24E16600B1FA89 /* Main.storyboard */,
				A769FB951E24E16600B1FA89 /* Assets.xcassets */,
				A769FB971E24E16600B1FA89 /* LaunchScreen.storyboard */,
				A769FB9A1E24E16600B1FA89 /* Info.plist */,
			);
			path = LabelDemo;
			sourceTree = "<group>";
		};
/* End PBXGroup section */

/* Begin PBXNativeTarget section */
		A769FB8A1E24E16500B1FA89 /* LabelDemo */ = {
			isa = PBXNativeTarget;
			buildConfigurationList = A769FB9D1E24E16600B1FA89 /* Build configuration list for PBXNativeTarget "LabelDemo" */;
			buildPhases = (
				A769FB871E24E16500B1FA89 /* Sources */,
				A769FB881E24E16500B1FA89 /* Frameworks */,
				A769FB891E24E16500B1FA89 /* Resources */,
			);
			buildRules = (
			);
			dependencies = (
			);
			name = LabelDemo;
			productName = LabelDemo;
			productReference = A769FB8B1E24E16500B1FA89 /* LabelDemo.app */;
			productType = "com.apple.product-type.application";
		};
/* End PBXNativeTarget section */

/* Begin PBXProject section */
		A769FB831E24E16500B1FA89 /* Project object */ = {
			isa = PBXProject;
			attributes = {
				LastSwiftUpdateCheck = 0820;
				LastUpgradeCheck = 0820;
				ORGANIZATIONNAME = "Rajesh Dalsaniya";
				TargetAttributes = {
					A769FB8A1E24E16500B1FA89 = {
						CreatedOnToolsVersion = 8.2.1;
						ProvisioningStyle = Manual;
					};
				};
			};
			buildConfigurationList = A769FB861E24E16500B1FA89 /* Build configuration list for PBXProject "LabelDemo" */;
			compatibilityVersion = "Xcode 3.2";
			developmentRegion = English;
			hasScannedForEncodings = 0;
			knownRegions = (
				en,
				Base,
			);
			mainGroup = A769FB821E24E16500B1FA89;
			productRefGroup = A769FB8C1E24E16500B1FA89 /* Products */;
			projectDirPath = "";
			projectRoot = "";
			targets = (
				A769FB8A1E24E16500B1FA89 /* LabelDemo */,
			);
		};
/* End PBXProject section */

/* Begin PBXResourcesBuildPhase section */
		A769FB891E24E16500B1FA89 /* Resources */ = {
			isa = PBXResourcesBuildPhase;
			buildActionMask = 2147483647;
			files = (
				A769FB991E24E16600B1FA89 /* LaunchScreen.storyboard in Resources */,
				A769FB961E24E16600B1FA89 /* Assets.xcassets in Resources */,
				A769FB941E24E16600B1FA89 /* Main.storyboard in Resources */,
			);
			runOnlyForDeploymentPostprocessing = 0;
		};
/* End PBXResourcesBuildPhase section */

/* Begin PBXSourcesBuildPhase section */
		A769FB871E24E16500B1FA89 /* Sources */ = {
			isa = PBXSourcesBuildPhase;
			buildActionMask = 2147483647;
			files = (
				A769FB911E24E16500B1FA89 /* ViewController.swift in Sources */,
				A769FB8F1E24E16500B1FA89 /* AppDelegate.swift in Sources */,
			);
			runOnlyForDeploymentPostprocessing = 0;
		};
/* End PBXSourcesBuildPhase section */

/* Begin PBXVariantGroup section */
		A769FB921E24E16600B1FA89 /* Main.storyboard */ = {
			isa = PBXVariantGroup;
			children = (
				A769FB931E24E16600B1FA89 /* Base */,
			);
			name = Main.storyboard;
			sourceTree = "<group>";
		};
		A769FB971E24E16600B1FA89 /* LaunchScreen.storyboard */ = {
			isa = PBXVariantGroup;
			children = (
				A769FB981E24E16600B1FA89 /* Base */,
			);
			name = LaunchScreen.storyboard;
			sourceTree = "<group>";
		};
/* End PBXVariantGroup section */

/* Begin XCBuildConfiguration section */
		A769FB9B1E24E16600B1FA89 /* Debug */ = {
			isa = XCBuildConfiguration;
			buildSettings = {
				ALWAYS_SEARCH_USER_PATHS = NO;
				CLANG_ANALYZER_NONNULL = YES;
				CLANG_CXX_LANGUAGE_STANDARD = "gnu++0x";
				CLANG_CXX_LIBRARY = "libc++";
				CLANG_ENABLE_MODULES = YES;
				CLANG_ENABLE_OBJC_ARC = YES;
				CLANG_WARN_BOOL_CONVERSION = YES;
				CLANG_WARN_CONSTANT_CONVERSION = YES;
				CLANG_WARN_DIRECT_OBJC_ISA_USAGE = YES_ERROR;
				CLANG_WARN_DOCUMENTATION_COMMENTS = YES;
				CLANG_WARN_EMPTY_BODY = YES;
				CLANG_WARN_ENUM_CONVERSION = YES;
				CLANG_WARN_INFINITE_RECURSION = YES;
				CLANG_WARN_INT_CONVERSION = YES;
				CLANG_WARN_OBJC_ROOT_CLASS = YES_ERROR;
				CLANG_WARN_SUSPICIOUS_MOVE = YES;
				CLANG_WARN_UNREACHABLE_CODE = YES;
				CLANG_WARN__DUPLICATE_METHOD_MATCH = YES;
				"CODE_SIGN_IDENTITY[sdk=iphoneos*]" = "iPhone Developer";
				COPY_PHASE_STRIP = NO;
				DEBUG_INFORMATION_FORMAT = dwarf;
				ENABLE_STRICT_OBJC_MSGSEND = YES;
				ENABLE_TESTABILITY = YES;
				GCC_C_LANGUAGE_STANDARD = gnu99;
				GCC_DYNAMIC_NO_PIC = NO;
				GCC_NO_COMMON_BLOCKS = YES;
				GCC_OPTIMIZATION_LEVEL = 0;
				GCC_PREPROCESSOR_DEFINITIONS = (
					"DEBUG=1",
					"$(inherited)",
				);
				GCC_WARN_64_TO_32_BIT_CONVERSION = YES;
				GCC_WARN_ABOUT_RETURN_TYPE = YES_ERROR;
				GCC_WARN_UNDECLARED_SELECTOR = YES;
				GCC_WARN_UNINITIALIZED_AUTOS = YES_AGGRESSIVE;
				GCC_WARN_UNUSED_FUNCTION = YES;
				GCC_WARN_UNUSED_VARIABLE = YES;
				IPHONEOS_DEPLOYMENT_TARGET = 10.2;
				MTL_ENABLE_DEBUG_INFO = YES;
				ONLY_ACTIVE_ARCH = YES;
				SDKROOT = iphoneos;
				SWIFT_ACTIVE_COMPILATION_CONDITIONS = DEBUG;
				SWIFT_OPTIMIZATION_LEVEL = "-Onone";
				TARGETED_DEVICE_FAMILY = "1,2";
			};
			name = Debug;
		};
		A769FB9C1E24E16600B1FA89 /* Release */ = {
			isa = XCBuildConfiguration;
			buildSettings = {
				ALWAYS_SEARCH_USER_PATHS = NO;
				CLANG_ANALYZER_NONNULL = YES;
				CLANG_CXX_LANGUAGE_STANDARD = "gnu++0x";
				CLANG_CXX_LIBRARY = "libc++";
				CLANG_ENABLE_MODULES = YES;
				CLANG_ENABLE_OBJC_ARC = YES;
				CLANG_WARN_BOOL_CONVERSION = YES;
				CLANG_WARN_CONSTANT_CONVERSION = YES;
				CLANG_WARN_DIRECT_OBJC_ISA_USAGE = YES_ERROR;
				CLANG_WARN_DOCUMENTATION_COMMENTS = YES;
				CLANG_WARN_EMPTY_BODY = YES;
				CLANG_WARN_ENUM_CONVERSION = YES;
				CLANG_WARN_INFINITE_RECURSION = YES;
				CLANG_WARN_INT_CONVERSION = YES;
				CLANG_WARN_OBJC_ROOT_CLASS = YES_ERROR;
				CLANG_WARN_SUSPICIOUS_MOVE = YES;
				CLANG_WARN_UNREACHABLE_CODE = YES;
				CLANG_WARN__DUPLICATE_METHOD_MATCH = YES;
				"CODE_SIGN_IDENTITY[sdk=iphoneos*]" = "iPhone Developer";
				COPY_PHASE_STRIP = NO;
				DEBUG_INFORMATION_FORMAT = "dwarf-with-dsym";
				ENABLE_NS_ASSERTIONS = NO;
				ENABLE_STRICT_OBJC_MSGSEND = YES;
				GCC_C_LANGUAGE_STANDARD = gnu99;
				GCC_NO_COMMON_BLOCKS = YES;
				GCC_WARN_64_TO_32_BIT_CONVERSION = YES;
				GCC_WARN_ABOUT_RETURN_TYPE = YES_ERROR;
				GCC_WARN_UNDECLARED_SELECTOR = YES;
				GCC_WARN_UNINITIALIZED_AUTOS = YES_AGGRESSIVE;
				GCC_WARN_UNUSED_FUNCTION = YES;
				GCC_WARN_UNUSED_VARIABLE = YES;
				IPHONEOS_DEPLOYMENT_TARGET = 10.2;
				MTL_ENABLE_DEBUG_INFO = NO;
				SDKROOT = iphoneos;
				SWIFT_OPTIMIZATION_LEVEL = "-Owholemodule";
				TARGETED_DEVICE_FAMILY = "1,2";
				VALIDATE_PRODUCT = YES;
			};
			name = Release;
		};
		A769FB9E1E24E16600B1FA89 /* Debug */ = {
			isa = XCBuildConfiguration;
			buildSettings = {
				ASSETCATALOG_COMPILER_APPICON_NAME = AppIcon;
				DEVELOPMENT_TEAM = "";
				INFOPLIST_FILE = LabelDemo/Info.plist;
				LD_RUNPATH_SEARCH_PATHS = "$(inherited) @executable_path/Frameworks";
				PRODUCT_BUNDLE_IDENTIFIER = com.rajeshdalsaniya.LabelDemo;
				PRODUCT_NAME = "$(TARGET_NAME)";
				SWIFT_VERSION = 3.0;
			};
			name = Debug;
		};
		A769FB9F1E24E16600B1FA89 /* Release */ = {
			isa = XCBuildConfiguration;
			buildSettings = {
				ASSETCATALOG_COMPILER_APPICON_NAME = AppIcon;
				DEVELOPMENT_TEAM = "";
				INFOPLIST_FILE = LabelDemo/Info.plist;
				LD_RUNPATH_SEARCH_PATHS = "$(inherited) @executable_path/Frameworks";
				PRODUCT_BUNDLE_IDENTIFIER = com.rajeshdalsaniya.LabelDemo;
				PRODUCT_NAME = "$(TARGET_NAME)";
				SWIFT_VERSION = 3.0;
			};
			name = Release;
		};
/* End XCBuildConfiguration section */

/* Begin XCConfigurationList section */
		A769FB861E24E16500B1FA89 /* Build configuration list for PBXProject "LabelDemo" */ = {
			isa = XCConfigurationList;
			buildConfigurations = (
				A769FB9B1E24E16600B1FA89 /* Debug */,
				A769FB9C1E24E16600B1FA89 /* Release */,
			);
			defaultConfigurationIsVisible = 0;
			defaultConfigurationName = Release;
		};
		A769FB9D1E24E16600B1FA89 /* Build configuration list for PBXNativeTarget "LabelDemo" */ = {
			isa = XCConfigurationList;
			buildConfigurations = (
				A769FB9E1E24E16600B1FA89 /* Debug */,
				A769FB9F1E24E16600B1FA89 /* Release */,
			);
			defaultConfigurationIsVisible = 0;
		};
/* End XCConfigurationList section */
	};
	rootObject = A769FB831E24E16500B1FA89 /* Project object */;
}
